# This file was autogenerated by Stack.
# You should not edit this file by hand.
# For more information, please see the documentation at:
#   https://docs.haskellstack.org/en/stable/lock_files

packages:
- completed:
    hackage: table-layout-0.9.1.0@sha256:172b8b3a06c992839a781b77e42bbce689ba87d92c260acb61d187f7e6aad7f2,7154
    pantry-tree:
      sha256: d3b20ca5e8342d24fa7cfb5e3d39853a14f572f0a95b7bc9d0fea82baa0a4c10
      size: 2216
  original:
    hackage: table-layout-0.9.1.0
snapshots:
- completed:
    sha256: 14ca51a9a597c32dd7804c10d079feea3d0ae40c5fbbb346cbd67b3ae49f6d01
    size: 649598
    url: https://raw.githubusercontent.com/commercialhaskell/stackage-snapshots/master/lts/20/17.yaml
  original: lts-20.17
